
Microsoft Visual Studio Solution File, Format Version 12.00
# Visual Studio Version 17
VisualStudioVersion = 17.9.34723.18
MinimumVisualStudioVersion = 10.0.40219.1
Project("{8BC9CEB8-8B4A-11D0-8D11-00A0C91BC942}") = "Tarea1", "Tarea1\Tarea1.vcxproj", "{E3262A2E-8E02-4704-B15F-975036C92FF5}"
EndProject
Global
	GlobalSection(SolutionConfigurationPlatforms) = preSolution
		Debug|x64 = Debug|x64
		Release|x64 = Release|x64
	EndGlobalSection
	GlobalSection(ProjectConfigurationPlatforms) = postSolution
		{E3262A2E-8E02-4704-B15F-975036C92FF5}.Debug|x64.ActiveCfg = Debug|x64
		{E3262A2E-8E02-4704-B15F-975036C92FF5}.Debug|x64.Build.0 = Debug|x64
		{E3262A2E-8E02-4704-B15F-975036C92FF5}.Release|x64.ActiveCfg = Release|x64
		{E3262A2E-8E02-4704-B15F-975036C92FF5}.Release|x64.Build.0 = Release|x64
	EndGlobalSection
	GlobalSection(SolutionProperties) = preSolution
		HideSolutionNode = FALSE
	EndGlobalSection
	GlobalSection(ExtensibilityGlobals) = postSolution
		SolutionGuid = {180D7CB4-2D50-4162-8AB4-9F379CA58104}
	EndGlobalSection
EndGlobal
