
Microsoft Visual Studio Solution File, Format Version 12.00
# Visual Studio Version 17
VisualStudioVersion = 17.9.34723.18
MinimumVisualStudioVersion = 10.0.40219.1
Project("{8BC9CEB8-8B4A-11D0-8D11-00A0C91BC942}") = "Tarea7", "Tarea7\Tarea7.vcxproj", "{4A002165-6F4B-4FD9-B02C-0FB2985AA7BD}"
EndProject
Global
	GlobalSection(SolutionConfigurationPlatforms) = preSolution
		Debug|x64 = Debug|x64
		Release|x64 = Release|x64
	EndGlobalSection
	GlobalSection(ProjectConfigurationPlatforms) = postSolution
		{4A002165-6F4B-4FD9-B02C-0FB2985AA7BD}.Debug|x64.ActiveCfg = Debug|x64
		{4A002165-6F4B-4FD9-B02C-0FB2985AA7BD}.Debug|x64.Build.0 = Debug|x64
		{4A002165-6F4B-4FD9-B02C-0FB2985AA7BD}.Release|x64.ActiveCfg = Release|x64
		{4A002165-6F4B-4FD9-B02C-0FB2985AA7BD}.Release|x64.Build.0 = Release|x64
	EndGlobalSection
	GlobalSection(SolutionProperties) = preSolution
		HideSolutionNode = FALSE
	EndGlobalSection
	GlobalSection(ExtensibilityGlobals) = postSolution
		SolutionGuid = {FE96ED52-C145-4646-ACFD-476304502224}
	EndGlobalSection
EndGlobal
